
Microsoft Visual Studio Solution File, Format Version 12.00
# Visual Studio Version 17
VisualStudioVersion = 17.5.002.0
MinimumVisualStudioVersion = 10.0.40219.1
Project("{9A19103F-16F7-4668-BE54-9A1E7A4F7556}") = "CalculatorApp", "CalculatorApp\CalculatorApp.csproj", "{C42D1C22-5C2A-4450-873B-7A615352A85D}"
EndProject
Project("{FAE04EC0-301F-11D3-BF4B-00C04F79EFBC}") = "CalculatorApp.UnitTests", "CalculatorApp.UnitTests\CalculatorApp.UnitTests.csproj", "{A4C8DDF1-90E0-4236-99DE-8F7AEE6FB3EC}"
EndProject
Global
	GlobalSection(SolutionConfigurationPlatforms) = preSolution
		Debug|Any CPU = Debug|Any CPU
		Release|Any CPU = Release|Any CPU
	EndGlobalSection
	GlobalSection(ProjectConfigurationPlatforms) = postSolution
		{C42D1C22-5C2A-4450-873B-7A615352A85D}.Debug|Any CPU.ActiveCfg = Debug|Any CPU
		{C42D1C22-5C2A-4450-873B-7A615352A85D}.Debug|Any CPU.Build.0 = Debug|Any CPU
		{C42D1C22-5C2A-4450-873B-7A615352A85D}.Release|Any CPU.ActiveCfg = Release|Any CPU
		{C42D1C22-5C2A-4450-873B-7A615352A85D}.Release|Any CPU.Build.0 = Release|Any CPU
		{A4C8DDF1-90E0-4236-99DE-8F7AEE6FB3EC}.Debug|Any CPU.ActiveCfg = Debug|Any CPU
		{A4C8DDF1-90E0-4236-99DE-8F7AEE6FB3EC}.Debug|Any CPU.Build.0 = Debug|Any CPU
		{A4C8DDF1-90E0-4236-99DE-8F7AEE6FB3EC}.Release|Any CPU.ActiveCfg = Release|Any CPU
		{A4C8DDF1-90E0-4236-99DE-8F7AEE6FB3EC}.Release|Any CPU.Build.0 = Release|Any CPU
	EndGlobalSection
	GlobalSection(SolutionProperties) = preSolution
		HideSolutionNode = FALSE
	EndGlobalSection
	GlobalSection(ExtensibilityGlobals) = postSolution
		SolutionGuid = {AA7E1C0B-A366-4927-9963-76B369645C8B}
	EndGlobalSection
EndGlobal
